
Microsoft Visual Studio Solution File, Format Version 12.00
# Visual Studio Version 17
VisualStudioVersion = 17.1.32228.430
MinimumVisualStudioVersion = 10.0.40219.1
Project("{8BC9CEB8-8B4A-11D0-8D11-00A0C91BC942}") = "HyperlightGuest", "src\HyperlightGuest\HyperlightGuest.vcxproj", "{ED4A4CD0-DDC9-4A4A-9428-F22C3D07BB00}"
EndProject
Project("{9A19103F-16F7-4668-BE54-9A1E7A4F7556}") = "HyperlightDependencies", "src\HyperlightDependencies\HyperlightDependencies.csproj", "{73E808B4-E312-4758-9DF2-347927071338}"
EndProject
Global
	GlobalSection(SolutionConfigurationPlatforms) = preSolution
		debug|Any CPU = debug|Any CPU
		debug|x64 = debug|x64
		release|Any CPU = release|Any CPU
		release|x64 = release|x64
	EndGlobalSection
	GlobalSection(ProjectConfigurationPlatforms) = postSolution
		{ED4A4CD0-DDC9-4A4A-9428-F22C3D07BB00}.debug|Any CPU.ActiveCfg = debug|x64
		{ED4A4CD0-DDC9-4A4A-9428-F22C3D07BB00}.debug|Any CPU.Build.0 = debug|x64
		{ED4A4CD0-DDC9-4A4A-9428-F22C3D07BB00}.debug|x64.ActiveCfg = debug|x64
		{ED4A4CD0-DDC9-4A4A-9428-F22C3D07BB00}.debug|x64.Build.0 = debug|x64
		{ED4A4CD0-DDC9-4A4A-9428-F22C3D07BB00}.release|Any CPU.ActiveCfg = release|x64
		{ED4A4CD0-DDC9-4A4A-9428-F22C3D07BB00}.release|Any CPU.Build.0 = release|x64
		{ED4A4CD0-DDC9-4A4A-9428-F22C3D07BB00}.release|x64.ActiveCfg = release|x64
		{ED4A4CD0-DDC9-4A4A-9428-F22C3D07BB00}.release|x64.Build.0 = release|x64
		{73E808B4-E312-4758-9DF2-347927071338}.debug|Any CPU.ActiveCfg = debug|Any CPU
		{73E808B4-E312-4758-9DF2-347927071338}.debug|Any CPU.Build.0 = debug|Any CPU
		{73E808B4-E312-4758-9DF2-347927071338}.debug|x64.ActiveCfg = debug|Any CPU
		{73E808B4-E312-4758-9DF2-347927071338}.debug|x64.Build.0 = debug|Any CPU
		{73E808B4-E312-4758-9DF2-347927071338}.release|Any CPU.ActiveCfg = release|Any CPU
		{73E808B4-E312-4758-9DF2-347927071338}.release|Any CPU.Build.0 = release|Any CPU
		{73E808B4-E312-4758-9DF2-347927071338}.release|x64.ActiveCfg = release|Any CPU
		{73E808B4-E312-4758-9DF2-347927071338}.release|x64.Build.0 = release|Any CPU
	EndGlobalSection
	GlobalSection(SolutionProperties) = preSolution
		HideSolutionNode = FALSE
	EndGlobalSection
	GlobalSection(ExtensibilityGlobals) = postSolution
		SolutionGuid = {6331C6E0-A203-4F01-AB5B-B66C824241C9}
	EndGlobalSection
EndGlobal
